{
    "name": "mcp-jupyter",
    "version": "0.0.1",
    "lockfileVersion": 3,
    "requires": true,
    "packages": {
        "": {
            "name": "mcp-jupyter",
            "version": "0.0.1",
            "engines": {
                "vscode": "^1.64.0"
            }
        },
        "vscode-extension": {
            "name": "mcp-jupyter-vscode",
            "version": "0.3.0",
            "extraneous": true,
            "engines": {
                "vscode": "^1.90.0"
            }
        }
    }
}
